
Microsoft Visual Studio Solution File, Format Version 12.00
# Visual Studio Version 17
VisualStudioVersion = 17.0.31903.59
MinimumVisualStudioVersion = 10.0.40219.1
Project("{2150E333-8FDC-42A3-9474-1A3956D46DE8}") = "src", "src", "{DAF5498D-ADA1-4B1D-9296-4592B6EC1FC3}"
EndProject
Project("{2150E333-8FDC-42A3-9474-1A3956D46DE8}") = "tests", "tests", "{7B6492B1-D5BF-44E6-B95F-1E729E249CEA}"
EndProject
Project("{2150E333-8FDC-42A3-9474-1A3956D46DE8}") = "resources", "resources", "{7FF423AC-5940-426D-AED4-1D92432E9655}"
	ProjectSection(SolutionItems) = preProject
		docker-compose.yaml = docker-compose.yaml
	EndProjectSection
EndProject
Project("{FAE04EC0-301F-11D3-BF4B-00C04F79EFBC}") = "API", "src\API\API.csproj", "{BB727211-0EB5-4982-9BE0-2BC53DE9EA50}"
EndProject
Project("{FAE04EC0-301F-11D3-BF4B-00C04F79EFBC}") = "Application", "src\Application\Application.csproj", "{B319028A-B096-4A06-84D0-BF62E2BA758E}"
EndProject
Project("{FAE04EC0-301F-11D3-BF4B-00C04F79EFBC}") = "Domain", "src\Domain\Domain.csproj", "{FFB5E4C6-A6CB-41A6-BDBA-4484BD28EC15}"
EndProject
Project("{FAE04EC0-301F-11D3-BF4B-00C04F79EFBC}") = "Infra", "Infra\Infra.csproj", "{7E46ADE5-8D76-44CE-9FE9-27031D049894}"
EndProject
Global
	GlobalSection(SolutionConfigurationPlatforms) = preSolution
		Debug|Any CPU = Debug|Any CPU
		Release|Any CPU = Release|Any CPU
	EndGlobalSection
	GlobalSection(ProjectConfigurationPlatforms) = postSolution
		{BB727211-0EB5-4982-9BE0-2BC53DE9EA50}.Debug|Any CPU.ActiveCfg = Debug|Any CPU
		{BB727211-0EB5-4982-9BE0-2BC53DE9EA50}.Debug|Any CPU.Build.0 = Debug|Any CPU
		{BB727211-0EB5-4982-9BE0-2BC53DE9EA50}.Release|Any CPU.ActiveCfg = Release|Any CPU
		{BB727211-0EB5-4982-9BE0-2BC53DE9EA50}.Release|Any CPU.Build.0 = Release|Any CPU
		{B319028A-B096-4A06-84D0-BF62E2BA758E}.Debug|Any CPU.ActiveCfg = Debug|Any CPU
		{B319028A-B096-4A06-84D0-BF62E2BA758E}.Debug|Any CPU.Build.0 = Debug|Any CPU
		{B319028A-B096-4A06-84D0-BF62E2BA758E}.Release|Any CPU.ActiveCfg = Release|Any CPU
		{B319028A-B096-4A06-84D0-BF62E2BA758E}.Release|Any CPU.Build.0 = Release|Any CPU
		{FFB5E4C6-A6CB-41A6-BDBA-4484BD28EC15}.Debug|Any CPU.ActiveCfg = Debug|Any CPU
		{FFB5E4C6-A6CB-41A6-BDBA-4484BD28EC15}.Debug|Any CPU.Build.0 = Debug|Any CPU
		{FFB5E4C6-A6CB-41A6-BDBA-4484BD28EC15}.Release|Any CPU.ActiveCfg = Release|Any CPU
		{FFB5E4C6-A6CB-41A6-BDBA-4484BD28EC15}.Release|Any CPU.Build.0 = Release|Any CPU
		{7E46ADE5-8D76-44CE-9FE9-27031D049894}.Debug|Any CPU.ActiveCfg = Debug|Any CPU
		{7E46ADE5-8D76-44CE-9FE9-27031D049894}.Debug|Any CPU.Build.0 = Debug|Any CPU
		{7E46ADE5-8D76-44CE-9FE9-27031D049894}.Release|Any CPU.ActiveCfg = Release|Any CPU
		{7E46ADE5-8D76-44CE-9FE9-27031D049894}.Release|Any CPU.Build.0 = Release|Any CPU
	EndGlobalSection
	GlobalSection(SolutionProperties) = preSolution
		HideSolutionNode = FALSE
	EndGlobalSection
	GlobalSection(NestedProjects) = preSolution
		{BB727211-0EB5-4982-9BE0-2BC53DE9EA50} = {DAF5498D-ADA1-4B1D-9296-4592B6EC1FC3}
		{B319028A-B096-4A06-84D0-BF62E2BA758E} = {DAF5498D-ADA1-4B1D-9296-4592B6EC1FC3}
		{FFB5E4C6-A6CB-41A6-BDBA-4484BD28EC15} = {DAF5498D-ADA1-4B1D-9296-4592B6EC1FC3}
		{7E46ADE5-8D76-44CE-9FE9-27031D049894} = {DAF5498D-ADA1-4B1D-9296-4592B6EC1FC3}
	EndGlobalSection
	GlobalSection(ExtensibilityGlobals) = postSolution
		SolutionGuid = {40AB2669-C84A-4572-91DD-BB461E55C410}
	EndGlobalSection
EndGlobal
